
Microsoft Visual Studio Solution File, Format Version 12.00
# Visual Studio 15
VisualStudioVersion = 15.0.28307.1169
MinimumVisualStudioVersion = 10.0.40219.1
Project("{FAE04EC0-301F-11D3-BF4B-00C04F79EFBC}") = "CA_DijkstraAlgorithmus", "CA_DijkstraAlgorithmus\CA_DijkstraAlgorithmus.csproj", "{B878FDD9-FB23-4815-A515-62DE69CD4580}"
EndProject
Global
	GlobalSection(SolutionConfigurationPlatforms) = preSolution
		Debug|Any CPU = Debug|Any CPU
		Release|Any CPU = Release|Any CPU
	EndGlobalSection
	GlobalSection(ProjectConfigurationPlatforms) = postSolution
		{B878FDD9-FB23-4815-A515-62DE69CD4580}.Debug|Any CPU.ActiveCfg = Debug|Any CPU
		{B878FDD9-FB23-4815-A515-62DE69CD4580}.Debug|Any CPU.Build.0 = Debug|Any CPU
		{B878FDD9-FB23-4815-A515-62DE69CD4580}.Release|Any CPU.ActiveCfg = Release|Any CPU
		{B878FDD9-FB23-4815-A515-62DE69CD4580}.Release|Any CPU.Build.0 = Release|Any CPU
	EndGlobalSection
	GlobalSection(SolutionProperties) = preSolution
		HideSolutionNode = FALSE
	EndGlobalSection
	GlobalSection(ExtensibilityGlobals) = postSolution
		SolutionGuid = {FCAA1DC1-5DA6-489A-A703-B2209F5B53A3}
	EndGlobalSection
EndGlobal
